{
  "originHash" : "3f67fe832a565fd2c57cda40f68f916cae99a8eb8eac53eb4794df14f88b30fc",
  "pins" : [
    {
      "identity" : "openai",
      "kind" : "remoteSourceControl",
      "location" : "https://github.com/MacPaw/OpenAI.git",
      "state" : {
        "revision" : "a532be89be9a30ec003e4ba0974a52a88d26fc6d",
        "version" : "0.5.1"
      }
    },
    {
      "identity" : "swift-http-types",
      "kind" : "remoteSourceControl",
      "location" : "https://github.com/apple/swift-http-types",
      "state" : {
        "revision" : "db774a277f60063a32d854f2980299caf06da041",
        "version" : "1.6.0"
      }
    },
    {
      "identity" : "swift-openapi-runtime",
      "kind" : "remoteSourceControl",
      "location" : "https://github.com/apple/swift-openapi-runtime",
      "state" : {
        "revision" : "3d3a8457661daf7fb260ceeb9f0e24e5204ba5fb",
        "version" : "1.12.0"
      }
    },
    {
      "identity" : "swift-sodium",
      "kind" : "remoteSourceControl",
      "location" : "https://github.com/jedisct1/swift-sodium.git",
      "state" : {
        "revision" : "cfd195c76882aa9b997560ca7cb95d72fbf5db00",
        "version" : "0.11.0"
      }
    },
    {
      "identity" : "tppdf",
      "kind" : "remoteSourceControl",
      "location" : "https://github.com/techprimate/TPPDF",
      "state" : {
        "revision" : "975049c0e1022922580b7927e030901604024925",
        "version" : "2.6.1"
      }
    }
  ],
  "version" : 3
}
