{
  "originHash" : "f5fc2b0b7fcdc138465f96b8705ade4ef0ddb8d471ff4c461f64fcbe71aab506",
  "pins" : [
    {
      "identity" : "codescanner",
      "kind" : "remoteSourceControl",
      "location" : "https://github.com/twostraws/CodeScanner",
      "state" : {
        "revision" : "bf5d7087015620b250ee6c865b3c9039fc159d1a",
        "version" : "2.3.3"
      }
    },
    {
      "identity" : "richtext",
      "kind" : "remoteSourceControl",
      "location" : "https://github.com/NuPlay/RichText.git",
      "state" : {
        "revision" : "3910393f3837a21fd2e414b758942ffd2d62aaa2",
        "version" : "2.5.0"
      }
    }
  ],
  "version" : 3
}
